
Microsoft Visual Studio Solution File, Format Version 12.00
# Visual Studio 2017
Project("{FAE04EC0-301F-11D3-BF4B-00C04F79EFBC}") = "AspNetCore-Luis-Dispatch-Bot", "AspNetCore-Luis-Dispatch-Bot.csproj", "{384D9A08-5501-4E07-B049-0AD69317043D}"
EndProject
Global
	GlobalSection(SolutionConfigurationPlatforms) = preSolution
		Debug|Any CPU = Debug|Any CPU
		Release|Any CPU = Release|Any CPU
		Debug - NuGet Packages|Any CPU = Debug - NuGet Packages|Any CPU
	EndGlobalSection
	GlobalSection(ProjectConfigurationPlatforms) = postSolution
		{384D9A08-5501-4E07-B049-0AD69317043D}.Debug|Any CPU.ActiveCfg = Debug|Any CPU
		{384D9A08-5501-4E07-B049-0AD69317043D}.Debug|Any CPU.Build.0 = Debug|Any CPU
		{384D9A08-5501-4E07-B049-0AD69317043D}.Release|Any CPU.ActiveCfg = Release|Any CPU
		{384D9A08-5501-4E07-B049-0AD69317043D}.Release|Any CPU.Build.0 = Release|Any CPU
		{384D9A08-5501-4E07-B049-0AD69317043D}.Debug - NuGet Packages|Any CPU.ActiveCfg = Debug - NuGet Packages|Any CPU
		{384D9A08-5501-4E07-B049-0AD69317043D}.Debug - NuGet Packages|Any CPU.Build.0 = Debug - NuGet Packages|Any CPU
	EndGlobalSection
EndGlobal
